
Microsoft Visual Studio Solution File, Format Version 12.00
# Visual Studio 15
VisualStudioVersion = 15.0.28307.271
MinimumVisualStudioVersion = 10.0.40219.1
Project("{FAE04EC0-301F-11D3-BF4B-00C04F79EFBC}") = "Password-encryptor-WPF", "Password-encryptor-WPF\Password-encryptor-WPF.csproj", "{C8422AB9-EC1F-4432-835B-322336EB28C3}"
EndProject
Global
	GlobalSection(SolutionConfigurationPlatforms) = preSolution
		Debug|Any CPU = Debug|Any CPU
		Release|Any CPU = Release|Any CPU
	EndGlobalSection
	GlobalSection(ProjectConfigurationPlatforms) = postSolution
		{C8422AB9-EC1F-4432-835B-322336EB28C3}.Debug|Any CPU.ActiveCfg = Debug|Any CPU
		{C8422AB9-EC1F-4432-835B-322336EB28C3}.Debug|Any CPU.Build.0 = Debug|Any CPU
		{C8422AB9-EC1F-4432-835B-322336EB28C3}.Release|Any CPU.ActiveCfg = Release|Any CPU
		{C8422AB9-EC1F-4432-835B-322336EB28C3}.Release|Any CPU.Build.0 = Release|Any CPU
	EndGlobalSection
	GlobalSection(SolutionProperties) = preSolution
		HideSolutionNode = FALSE
	EndGlobalSection
	GlobalSection(ExtensibilityGlobals) = postSolution
		SolutionGuid = {4B6BAEB9-BECA-4DD3-A535-0D0FA6882313}
	EndGlobalSection
EndGlobal
